
Microsoft Visual Studio Solution File, Format Version 12.00
# Visual Studio 15
VisualStudioVersion = 15.0.27703.2035
MinimumVisualStudioVersion = 10.0.40219.1
Project("{9A19103F-16F7-4668-BE54-9A1E7A4F7556}") = "NamestoJsonMvc", "NamestoJsonMvc\NamestoJsonMvc.csproj", "{B915912F-F41F-4D4E-A075-9FC2A97583BD}"
EndProject
Global
	GlobalSection(SolutionConfigurationPlatforms) = preSolution
		Debug|Any CPU = Debug|Any CPU
		Release|Any CPU = Release|Any CPU
	EndGlobalSection
	GlobalSection(ProjectConfigurationPlatforms) = postSolution
		{B915912F-F41F-4D4E-A075-9FC2A97583BD}.Debug|Any CPU.ActiveCfg = Debug|Any CPU
		{B915912F-F41F-4D4E-A075-9FC2A97583BD}.Debug|Any CPU.Build.0 = Debug|Any CPU
		{B915912F-F41F-4D4E-A075-9FC2A97583BD}.Release|Any CPU.ActiveCfg = Release|Any CPU
		{B915912F-F41F-4D4E-A075-9FC2A97583BD}.Release|Any CPU.Build.0 = Release|Any CPU
	EndGlobalSection
	GlobalSection(SolutionProperties) = preSolution
		HideSolutionNode = FALSE
	EndGlobalSection
	GlobalSection(ExtensibilityGlobals) = postSolution
		SolutionGuid = {9EF271E9-AB0E-4726-B6F8-84900C79FCEC}
	EndGlobalSection
EndGlobal
